
Microsoft Visual Studio Solution File, Format Version 12.00
# Visual Studio 15
VisualStudioVersion = 15.0.28307.489
MinimumVisualStudioVersion = 10.0.40219.1
Project("{FAE04EC0-301F-11D3-BF4B-00C04F79EFBC}") = "FriendifieAPI", "FriendifieAPI\FriendifieAPI.csproj", "{27E2E912-AE62-4BEA-8A4F-6B813ABA5B52}"
EndProject
Global
	GlobalSection(SolutionConfigurationPlatforms) = preSolution
		Debug|Any CPU = Debug|Any CPU
		Release|Any CPU = Release|Any CPU
	EndGlobalSection
	GlobalSection(ProjectConfigurationPlatforms) = postSolution
		{27E2E912-AE62-4BEA-8A4F-6B813ABA5B52}.Debug|Any CPU.ActiveCfg = Debug|Any CPU
		{27E2E912-AE62-4BEA-8A4F-6B813ABA5B52}.Debug|Any CPU.Build.0 = Debug|Any CPU
		{27E2E912-AE62-4BEA-8A4F-6B813ABA5B52}.Release|Any CPU.ActiveCfg = Release|Any CPU
		{27E2E912-AE62-4BEA-8A4F-6B813ABA5B52}.Release|Any CPU.Build.0 = Release|Any CPU
	EndGlobalSection
	GlobalSection(SolutionProperties) = preSolution
		HideSolutionNode = FALSE
	EndGlobalSection
	GlobalSection(ExtensibilityGlobals) = postSolution
		SolutionGuid = {8D53F910-5615-48D3-B69C-6719CD1F0F0B}
	EndGlobalSection
EndGlobal
